// !$*UTF8*$!
{
	archiveVersion = 1;
	classes = {
	};
	objectVersion = 50;
	objects = {

/* Begin PBXBuildFile section */
		ED1F305924651BE0008269F7 /* FishTableViewCell.swift in Sources */ = {isa = PBXBuildFile; fileRef = ED1F305824651BE0008269F7 /* FishTableViewCell.swift */; };
		ED1F305B2465231A008269F7 /* FossilTableViewCell.swift in Sources */ = {isa = PBXBuildFile; fileRef = ED1F305A2465231A008269F7 /* FossilTableViewCell.swift */; };
		ED1F30612465C8DA008269F7 /* FinkHeavy.ttf in Resources */ = {isa = PBXBuildFile; fileRef = ED1F30602465C8DA008269F7 /* FinkHeavy.ttf */; };
		ED1F30632465CD2A008269F7 /* AnimalCrossingTabBarController.swift in Sources */ = {isa = PBXBuildFile; fileRef = ED1F30622465CD2A008269F7 /* AnimalCrossingTabBarController.swift */; };
		ED1F30652465D51D008269F7 /* FossilsNavigationController.swift in Sources */ = {isa = PBXBuildFile; fileRef = ED1F30642465D51D008269F7 /* FossilsNavigationController.swift */; };
		ED1F306A246711CA008269F7 /* NewFossilsViewController.swift in Sources */ = {isa = PBXBuildFile; fileRef = ED1F3069246711CA008269F7 /* NewFossilsViewController.swift */; };
		ED320C16244E4D1C00FD7886 /* AppDelegate.swift in Sources */ = {isa = PBXBuildFile; fileRef = ED320C15244E4D1C00FD7886 /* AppDelegate.swift */; };
		ED320C18244E4D1C00FD7886 /* SceneDelegate.swift in Sources */ = {isa = PBXBuildFile; fileRef = ED320C17244E4D1C00FD7886 /* SceneDelegate.swift */; };
		ED320C1D244E4D1C00FD7886 /* Main.storyboard in Resources */ = {isa = PBXBuildFile; fileRef = ED320C1B244E4D1C00FD7886 /* Main.storyboard */; };
		ED320C1F244E4D2200FD7886 /* Assets.xcassets in Resources */ = {isa = PBXBuildFile; fileRef = ED320C1E244E4D2200FD7886 /* Assets.xcassets */; };
		ED320C22244E4D2200FD7886 /* LaunchScreen.storyboard in Resources */ = {isa = PBXBuildFile; fileRef = ED320C20244E4D2200FD7886 /* LaunchScreen.storyboard */; };
		ED320C2E244E500800FD7886 /* FossilsTableViewController.swift in Sources */ = {isa = PBXBuildFile; fileRef = ED320C2D244E500800FD7886 /* FossilsTableViewController.swift */; };
		ED320C30244E503900FD7886 /* FossilDetailViewController.swift in Sources */ = {isa = PBXBuildFile; fileRef = ED320C2F244E503900FD7886 /* FossilDetailViewController.swift */; };
		ED320C33244E558400FD7886 /* Fossil.swift in Sources */ = {isa = PBXBuildFile; fileRef = ED320C32244E558400FD7886 /* Fossil.swift */; };
		ED667ABA244F362F00D73B58 /* Fish.swift in Sources */ = {isa = PBXBuildFile; fileRef = ED667AB9244F362F00D73B58 /* Fish.swift */; };
		ED667ABC244F377900D73B58 /* FishDetailViewController.swift in Sources */ = {isa = PBXBuildFile; fileRef = ED667ABB244F377900D73B58 /* FishDetailViewController.swift */; };
		ED667ABE244F378B00D73B58 /* FishTableViewController.swift in Sources */ = {isa = PBXBuildFile; fileRef = ED667ABD244F378B00D73B58 /* FishTableViewController.swift */; };
		ED667AC82450714A00D73B58 /* Bug.swift in Sources */ = {isa = PBXBuildFile; fileRef = ED667AC72450714A00D73B58 /* Bug.swift */; };
/* End PBXBuildFile section */

/* Begin PBXFileReference section */
		ED1F305824651BE0008269F7 /* FishTableViewCell.swift */ = {isa = PBXFileReference; lastKnownFileType = sourcecode.swift; path = FishTableViewCell.swift; sourceTree = "<group>"; };
		ED1F305A2465231A008269F7 /* FossilTableViewCell.swift */ = {isa = PBXFileReference; lastKnownFileType = sourcecode.swift; path = FossilTableViewCell.swift; sourceTree = "<group>"; };
		ED1F30602465C8DA008269F7 /* FinkHeavy.ttf */ = {isa = PBXFileReference; lastKnownFileType = file; path = FinkHeavy.ttf; sourceTree = "<group>"; };
		ED1F30622465CD2A008269F7 /* AnimalCrossingTabBarController.swift */ = {isa = PBXFileReference; lastKnownFileType = sourcecode.swift; path = AnimalCrossingTabBarController.swift; sourceTree = "<group>"; };
		ED1F30642465D51D008269F7 /* FossilsNavigationController.swift */ = {isa = PBXFileReference; lastKnownFileType = sourcecode.swift; path = FossilsNavigationController.swift; sourceTree = "<group>"; };
		ED1F3069246711CA008269F7 /* NewFossilsViewController.swift */ = {isa = PBXFileReference; lastKnownFileType = sourcecode.swift; path = NewFossilsViewController.swift; sourceTree = "<group>"; };
		ED320C12244E4D1C00FD7886 /* Animal Crossing New Horizons Guide.app */ = {isa = PBXFileReference; explicitFileType = wrapper.application; includeInIndex = 0; path = "Animal Crossing New Horizons Guide.app"; sourceTree = BUILT_PRODUCTS_DIR; };
		ED320C15244E4D1C00FD7886 /* AppDelegate.swift */ = {isa = PBXFileReference; lastKnownFileType = sourcecode.swift; path = AppDelegate.swift; sourceTree = "<group>"; };
		ED320C17244E4D1C00FD7886 /* SceneDelegate.swift */ = {isa = PBXFileReference; lastKnownFileType = sourcecode.swift; path = SceneDelegate.swift; sourceTree = "<group>"; };
		ED320C1C244E4D1C00FD7886 /* Base */ = {isa = PBXFileReference; lastKnownFileType = file.storyboard; name = Base; path = Base.lproj/Main.storyboard; sourceTree = "<group>"; };
		ED320C1E244E4D2200FD7886 /* Assets.xcassets */ = {isa = PBXFileReference; lastKnownFileType = folder.assetcatalog; path = Assets.xcassets; sourceTree = "<group>"; };
		ED320C21244E4D2200FD7886 /* Base */ = {isa = PBXFileReference; lastKnownFileType = file.storyboard; name = Base; path = Base.lproj/LaunchScreen.storyboard; sourceTree = "<group>"; };
		ED320C23244E4D2300FD7886 /* Info.plist */ = {isa = PBXFileReference; lastKnownFileType = text.plist.xml; path = Info.plist; sourceTree = "<group>"; };
		ED320C2D244E500800FD7886 /* FossilsTableViewController.swift */ = {isa = PBXFileReference; lastKnownFileType = sourcecode.swift; path = FossilsTableViewController.swift; sourceTree = "<group>"; };
		ED320C2F244E503900FD7886 /* FossilDetailViewController.swift */ = {isa = PBXFileReference; lastKnownFileType = sourcecode.swift; path = FossilDetailViewController.swift; sourceTree = "<group>"; };
		ED320C32244E558400FD7886 /* Fossil.swift */ = {isa = PBXFileReference; lastKnownFileType = sourcecode.swift; path = Fossil.swift; sourceTree = "<group>"; };
		ED667AB9244F362F00D73B58 /* Fish.swift */ = {isa = PBXFileReference; lastKnownFileType = sourcecode.swift; path = Fish.swift; sourceTree = "<group>"; };
		ED667ABB244F377900D73B58 /* FishDetailViewController.swift */ = {isa = PBXFileReference; lastKnownFileType = sourcecode.swift; path = FishDetailViewController.swift; sourceTree = "<group>"; };
		ED667ABD244F378B00D73B58 /* FishTableViewController.swift */ = {isa = PBXFileReference; lastKnownFileType = sourcecode.swift; path = FishTableViewController.swift; sourceTree = "<group>"; };
		ED667AC72450714A00D73B58 /* Bug.swift */ = {isa = PBXFileReference; lastKnownFileType = sourcecode.swift; path = Bug.swift; sourceTree = "<group>"; };
/* End PBXFileReference section */

/* Begin PBXFrameworksBuildPhase section */
		ED320C0F244E4D1C00FD7886 /* Frameworks */ = {
			isa = PBXFrameworksBuildPhase;
			buildActionMask = 2147483647;
			files = (
			);
			runOnlyForDeploymentPostprocessing = 0;
		};
/* End PBXFrameworksBuildPhase section */

/* Begin PBXGroup section */
		ED1F305F2465C8B4008269F7 /* Fonts */ = {
			isa = PBXGroup;
			children = (
				ED1F30602465C8DA008269F7 /* FinkHeavy.ttf */,
			);
			path = Fonts;
			sourceTree = "<group>";
		};
		ED2BA4102461BC2300A722C9 /* Table Views */ = {
			isa = PBXGroup;
			children = (
				ED320C2D244E500800FD7886 /* FossilsTableViewController.swift */,
				ED667ABD244F378B00D73B58 /* FishTableViewController.swift */,
				ED1F305824651BE0008269F7 /* FishTableViewCell.swift */,
				ED1F305A2465231A008269F7 /* FossilTableViewCell.swift */,
			);
			path = "Table Views";
			sourceTree = "<group>";
		};
		ED2BA4112461BC5C00A722C9 /* Detail Views */ = {
			isa = PBXGroup;
			children = (
				ED320C2F244E503900FD7886 /* FossilDetailViewController.swift */,
				ED667ABB244F377900D73B58 /* FishDetailViewController.swift */,
			);
			path = "Detail Views";
			sourceTree = "<group>";
		};
		ED320C09244E4D1C00FD7886 = {
			isa = PBXGroup;
			children = (
				ED320C14244E4D1C00FD7886 /* Animal Crossing New Horizons Guide */,
				ED320C13244E4D1C00FD7886 /* Products */,
			);
			sourceTree = "<group>";
		};
		ED320C13244E4D1C00FD7886 /* Products */ = {
			isa = PBXGroup;
			children = (
				ED320C12244E4D1C00FD7886 /* Animal Crossing New Horizons Guide.app */,
			);
			name = Products;
			sourceTree = "<group>";
		};
		ED320C14244E4D1C00FD7886 /* Animal Crossing New Horizons Guide */ = {
			isa = PBXGroup;
			children = (
				ED320C2C244E4FCB00FD7886 /* Storyboards */,
				ED320C29244E4F8200FD7886 /* View Controllers */,
				ED320C15244E4D1C00FD7886 /* AppDelegate.swift */,
				ED320C17244E4D1C00FD7886 /* SceneDelegate.swift */,
				ED320C1E244E4D2200FD7886 /* Assets.xcassets */,
				ED320C32244E558400FD7886 /* Fossil.swift */,
				ED667AB9244F362F00D73B58 /* Fish.swift */,
				ED667AC72450714A00D73B58 /* Bug.swift */,
				ED320C23244E4D2300FD7886 /* Info.plist */,
				ED1F305F2465C8B4008269F7 /* Fonts */,
			);
			path = "Animal Crossing New Horizons Guide";
			sourceTree = "<group>";
		};
		ED320C29244E4F8200FD7886 /* View Controllers */ = {
			isa = PBXGroup;
			children = (
				ED1F30622465CD2A008269F7 /* AnimalCrossingTabBarController.swift */,
				ED1F30642465D51D008269F7 /* FossilsNavigationController.swift */,
				ED1F3069246711CA008269F7 /* NewFossilsViewController.swift */,
				ED2BA4112461BC5C00A722C9 /* Detail Views */,
				ED2BA4102461BC2300A722C9 /* Table Views */,
			);
			path = "View Controllers";
			sourceTree = "<group>";
		};
		ED320C2C244E4FCB00FD7886 /* Storyboards */ = {
			isa = PBXGroup;
			children = (
				ED320C1B244E4D1C00FD7886 /* Main.storyboard */,
				ED320C20244E4D2200FD7886 /* LaunchScreen.storyboard */,
			);
			path = Storyboards;
			sourceTree = "<group>";
		};
/* End PBXGroup section */

/* Begin PBXNativeTarget section */
		ED320C11244E4D1C00FD7886 /* Animal Crossing New Horizons Guide */ = {
			isa = PBXNativeTarget;
			buildConfigurationList = ED320C26244E4D2300FD7886 /* Build configuration list for PBXNativeTarget "Animal Crossing New Horizons Guide" */;
			buildPhases = (
				ED320C0E244E4D1C00FD7886 /* Sources */,
				ED320C0F244E4D1C00FD7886 /* Frameworks */,
				ED320C10244E4D1C00FD7886 /* Resources */,
			);
			buildRules = (
			);
			dependencies = (
			);
			name = "Animal Crossing New Horizons Guide";
			productName = "Animal Crossing New Horizons Guide";
			productReference = ED320C12244E4D1C00FD7886 /* Animal Crossing New Horizons Guide.app */;
			productType = "com.apple.product-type.application";
		};
/* End PBXNativeTarget section */

/* Begin PBXProject section */
		ED320C0A244E4D1C00FD7886 /* Project object */ = {
			isa = PBXProject;
			attributes = {
				LastSwiftUpdateCheck = 1130;
				LastUpgradeCheck = 1130;
				ORGANIZATIONNAME = "Thomas Dye";
				TargetAttributes = {
					ED320C11244E4D1C00FD7886 = {
						CreatedOnToolsVersion = 11.3.1;
					};
				};
			};
			buildConfigurationList = ED320C0D244E4D1C00FD7886 /* Build configuration list for PBXProject "Animal Crossing New Horizons Guide" */;
			compatibilityVersion = "Xcode 9.3";
			developmentRegion = en;
			hasScannedForEncodings = 0;
			knownRegions = (
				en,
				Base,
			);
			mainGroup = ED320C09244E4D1C00FD7886;
			productRefGroup = ED320C13244E4D1C00FD7886 /* Products */;
			projectDirPath = "";
			projectRoot = "";
			targets = (
				ED320C11244E4D1C00FD7886 /* Animal Crossing New Horizons Guide */,
			);
		};
/* End PBXProject section */

/* Begin PBXResourcesBuildPhase section */
		ED320C10244E4D1C00FD7886 /* Resources */ = {
			isa = PBXResourcesBuildPhase;
			buildActionMask = 2147483647;
			files = (
				ED320C22244E4D2200FD7886 /* LaunchScreen.storyboard in Resources */,
				ED320C1F244E4D2200FD7886 /* Assets.xcassets in Resources */,
				ED1F30612465C8DA008269F7 /* FinkHeavy.ttf in Resources */,
				ED320C1D244E4D1C00FD7886 /* Main.storyboard in Resources */,
			);
			runOnlyForDeploymentPostprocessing = 0;
		};
/* End PBXResourcesBuildPhase section */

/* Begin PBXSourcesBuildPhase section */
		ED320C0E244E4D1C00FD7886 /* Sources */ = {
			isa = PBXSourcesBuildPhase;
			buildActionMask = 2147483647;
			files = (
				ED1F305924651BE0008269F7 /* FishTableViewCell.swift in Sources */,
				ED1F30632465CD2A008269F7 /* AnimalCrossingTabBarController.swift in Sources */,
				ED667ABA244F362F00D73B58 /* Fish.swift in Sources */,
				ED320C2E244E500800FD7886 /* FossilsTableViewController.swift in Sources */,
				ED667ABE244F378B00D73B58 /* FishTableViewController.swift in Sources */,
				ED1F30652465D51D008269F7 /* FossilsNavigationController.swift in Sources */,
				ED320C33244E558400FD7886 /* Fossil.swift in Sources */,
				ED667AC82450714A00D73B58 /* Bug.swift in Sources */,
				ED320C16244E4D1C00FD7886 /* AppDelegate.swift in Sources */,
				ED1F306A246711CA008269F7 /* NewFossilsViewController.swift in Sources */,
				ED1F305B2465231A008269F7 /* FossilTableViewCell.swift in Sources */,
				ED320C18244E4D1C00FD7886 /* SceneDelegate.swift in Sources */,
				ED667ABC244F377900D73B58 /* FishDetailViewController.swift in Sources */,
				ED320C30244E503900FD7886 /* FossilDetailViewController.swift in Sources */,
			);
			runOnlyForDeploymentPostprocessing = 0;
		};
/* End PBXSourcesBuildPhase section */

/* Begin PBXVariantGroup section */
		ED320C1B244E4D1C00FD7886 /* Main.storyboard */ = {
			isa = PBXVariantGroup;
			children = (
				ED320C1C244E4D1C00FD7886 /* Base */,
			);
			name = Main.storyboard;
			sourceTree = "<group>";
		};
		ED320C20244E4D2200FD7886 /* LaunchScreen.storyboard */ = {
			isa = PBXVariantGroup;
			children = (
				ED320C21244E4D2200FD7886 /* Base */,
			);
			name = LaunchScreen.storyboard;
			sourceTree = "<group>";
		};
/* End PBXVariantGroup section */

/* Begin XCBuildConfiguration section */
		ED320C24244E4D2300FD7886 /* Debug */ = {
			isa = XCBuildConfiguration;
			buildSettings = {
				ALWAYS_SEARCH_USER_PATHS = NO;
				CLANG_ANALYZER_NONNULL = YES;
				CLANG_ANALYZER_NUMBER_OBJECT_CONVERSION = YES_AGGRESSIVE;
				CLANG_CXX_LANGUAGE_STANDARD = "gnu++14";
				CLANG_CXX_LIBRARY = "libc++";
				CLANG_ENABLE_MODULES = YES;
				CLANG_ENABLE_OBJC_ARC = YES;
				CLANG_ENABLE_OBJC_WEAK = YES;
				CLANG_WARN_BLOCK_CAPTURE_AUTORELEASING = YES;
				CLANG_WARN_BOOL_CONVERSION = YES;
				CLANG_WARN_COMMA = YES;
				CLANG_WARN_CONSTANT_CONVERSION = YES;
				CLANG_WARN_DEPRECATED_OBJC_IMPLEMENTATIONS = YES;
				CLANG_WARN_DIRECT_OBJC_ISA_USAGE = YES_ERROR;
				CLANG_WARN_DOCUMENTATION_COMMENTS = YES;
				CLANG_WARN_EMPTY_BODY = YES;
				CLANG_WARN_ENUM_CONVERSION = YES;
				CLANG_WARN_INFINITE_RECURSION = YES;
				CLANG_WARN_INT_CONVERSION = YES;
				CLANG_WARN_NON_LITERAL_NULL_CONVERSION = YES;
				CLANG_WARN_OBJC_IMPLICIT_RETAIN_SELF = YES;
				CLANG_WARN_OBJC_LITERAL_CONVERSION = YES;
				CLANG_WARN_OBJC_ROOT_CLASS = YES_ERROR;
				CLANG_WARN_RANGE_LOOP_ANALYSIS = YES;
				CLANG_WARN_STRICT_PROTOTYPES = YES;
				CLANG_WARN_SUSPICIOUS_MOVE = YES;
				CLANG_WARN_UNGUARDED_AVAILABILITY = YES_AGGRESSIVE;
				CLANG_WARN_UNREACHABLE_CODE = YES;
				CLANG_WARN__DUPLICATE_METHOD_MATCH = YES;
				COPY_PHASE_STRIP = NO;
				DEBUG_INFORMATION_FORMAT = dwarf;
				ENABLE_STRICT_OBJC_MSGSEND = YES;
				ENABLE_TESTABILITY = YES;
				GCC_C_LANGUAGE_STANDARD = gnu11;
				GCC_DYNAMIC_NO_PIC = NO;
				GCC_NO_COMMON_BLOCKS = YES;
				GCC_OPTIMIZATION_LEVEL = 0;
				GCC_PREPROCESSOR_DEFINITIONS = (
					"DEBUG=1",
					"$(inherited)",
				);
				GCC_WARN_64_TO_32_BIT_CONVERSION = YES;
				GCC_WARN_ABOUT_RETURN_TYPE = YES_ERROR;
				GCC_WARN_UNDECLARED_SELECTOR = YES;
				GCC_WARN_UNINITIALIZED_AUTOS = YES_AGGRESSIVE;
				GCC_WARN_UNUSED_FUNCTION = YES;
				GCC_WARN_UNUSED_VARIABLE = YES;
				IPHONEOS_DEPLOYMENT_TARGET = 13.2;
				MTL_ENABLE_DEBUG_INFO = INCLUDE_SOURCE;
				MTL_FAST_MATH = YES;
				ONLY_ACTIVE_ARCH = YES;
				SDKROOT = iphoneos;
				SWIFT_ACTIVE_COMPILATION_CONDITIONS = DEBUG;
				SWIFT_OPTIMIZATION_LEVEL = "-Onone";
			};
			name = Debug;
		};
		ED320C25244E4D2300FD7886 /* Release */ = {
			isa = XCBuildConfiguration;
			buildSettings = {
				ALWAYS_SEARCH_USER_PATHS = NO;
				CLANG_ANALYZER_NONNULL = YES;
				CLANG_ANALYZER_NUMBER_OBJECT_CONVERSION = YES_AGGRESSIVE;
				CLANG_CXX_LANGUAGE_STANDARD = "gnu++14";
				CLANG_CXX_LIBRARY = "libc++";
				CLANG_ENABLE_MODULES = YES;
				CLANG_ENABLE_OBJC_ARC = YES;
				CLANG_ENABLE_OBJC_WEAK = YES;
				CLANG_WARN_BLOCK_CAPTURE_AUTORELEASING = YES;
				CLANG_WARN_BOOL_CONVERSION = YES;
				CLANG_WARN_COMMA = YES;
				CLANG_WARN_CONSTANT_CONVERSION = YES;
				CLANG_WARN_DEPRECATED_OBJC_IMPLEMENTATIONS = YES;
				CLANG_WARN_DIRECT_OBJC_ISA_USAGE = YES_ERROR;
				CLANG_WARN_DOCUMENTATION_COMMENTS = YES;
				CLANG_WARN_EMPTY_BODY = YES;
				CLANG_WARN_ENUM_CONVERSION = YES;
				CLANG_WARN_INFINITE_RECURSION = YES;
				CLANG_WARN_INT_CONVERSION = YES;
				CLANG_WARN_NON_LITERAL_NULL_CONVERSION = YES;
				CLANG_WARN_OBJC_IMPLICIT_RETAIN_SELF = YES;
				CLANG_WARN_OBJC_LITERAL_CONVERSION = YES;
				CLANG_WARN_OBJC_ROOT_CLASS = YES_ERROR;
				CLANG_WARN_RANGE_LOOP_ANALYSIS = YES;
				CLANG_WARN_STRICT_PROTOTYPES = YES;
				CLANG_WARN_SUSPICIOUS_MOVE = YES;
				CLANG_WARN_UNGUARDED_AVAILABILITY = YES_AGGRESSIVE;
				CLANG_WARN_UNREACHABLE_CODE = YES;
				CLANG_WARN__DUPLICATE_METHOD_MATCH = YES;
				COPY_PHASE_STRIP = NO;
				DEBUG_INFORMATION_FORMAT = "dwarf-with-dsym";
				ENABLE_NS_ASSERTIONS = NO;
				ENABLE_STRICT_OBJC_MSGSEND = YES;
				GCC_C_LANGUAGE_STANDARD = gnu11;
				GCC_NO_COMMON_BLOCKS = YES;
				GCC_WARN_64_TO_32_BIT_CONVERSION = YES;
				GCC_WARN_ABOUT_RETURN_TYPE = YES_ERROR;
				GCC_WARN_UNDECLARED_SELECTOR = YES;
				GCC_WARN_UNINITIALIZED_AUTOS = YES_AGGRESSIVE;
				GCC_WARN_UNUSED_FUNCTION = YES;
				GCC_WARN_UNUSED_VARIABLE = YES;
				IPHONEOS_DEPLOYMENT_TARGET = 13.2;
				MTL_ENABLE_DEBUG_INFO = NO;
				MTL_FAST_MATH = YES;
				SDKROOT = iphoneos;
				SWIFT_COMPILATION_MODE = wholemodule;
				SWIFT_OPTIMIZATION_LEVEL = "-O";
				VALIDATE_PRODUCT = YES;
			};
			name = Release;
		};
		ED320C27244E4D2300FD7886 /* Debug */ = {
			isa = XCBuildConfiguration;
			buildSettings = {
				ASSETCATALOG_COMPILER_APPICON_NAME = AppIcon;
				CODE_SIGN_STYLE = Automatic;
				DEVELOPMENT_TEAM = HB72Z627AT;
				INFOPLIST_FILE = "Animal Crossing New Horizons Guide/Info.plist";
				LD_RUNPATH_SEARCH_PATHS = (
					"$(inherited)",
					"@executable_path/Frameworks",
				);
				MARKETING_VERSION = 3.3.1;
				PRODUCT_BUNDLE_IDENTIFIER = "com.thomasdye.Animal-Crossing-New-Horizons-Guide";
				PRODUCT_NAME = "$(TARGET_NAME)";
				SWIFT_VERSION = 5.0;
				TARGETED_DEVICE_FAMILY = "1,2";
			};
			name = Debug;
		};
		ED320C28244E4D2300FD7886 /* Release */ = {
			isa = XCBuildConfiguration;
			buildSettings = {
				ASSETCATALOG_COMPILER_APPICON_NAME = AppIcon;
				CODE_SIGN_STYLE = Automatic;
				DEVELOPMENT_TEAM = HB72Z627AT;
				INFOPLIST_FILE = "Animal Crossing New Horizons Guide/Info.plist";
				LD_RUNPATH_SEARCH_PATHS = (
					"$(inherited)",
					"@executable_path/Frameworks",
				);
				MARKETING_VERSION = 3.3.1;
				PRODUCT_BUNDLE_IDENTIFIER = "com.thomasdye.Animal-Crossing-New-Horizons-Guide";
				PRODUCT_NAME = "$(TARGET_NAME)";
				SWIFT_VERSION = 5.0;
				TARGETED_DEVICE_FAMILY = "1,2";
			};
			name = Release;
		};
/* End XCBuildConfiguration section */

/* Begin XCConfigurationList section */
		ED320C0D244E4D1C00FD7886 /* Build configuration list for PBXProject "Animal Crossing New Horizons Guide" */ = {
			isa = XCConfigurationList;
			buildConfigurations = (
				ED320C24244E4D2300FD7886 /* Debug */,
				ED320C25244E4D2300FD7886 /* Release */,
			);
			defaultConfigurationIsVisible = 0;
			defaultConfigurationName = Release;
		};
		ED320C26244E4D2300FD7886 /* Build configuration list for PBXNativeTarget "Animal Crossing New Horizons Guide" */ = {
			isa = XCConfigurationList;
			buildConfigurations = (
				ED320C27244E4D2300FD7886 /* Debug */,
				ED320C28244E4D2300FD7886 /* Release */,
			);
			defaultConfigurationIsVisible = 0;
			defaultConfigurationName = Release;
		};
/* End XCConfigurationList section */
	};
	rootObject = ED320C0A244E4D1C00FD7886 /* Project object */;
}
